{
  "name": "tallui-laravel-livewire-tailwind",
  "version": "1.0.7",
  "lockfileVersion": 3,
  "requires": true,
  "packages": {
    "": {
      "name": "tallui-laravel-livewire-tailwind",
      "version": "1.0.7",
      "license": "MIT",
      "engines": {
        "vscode": "^1.74.0"
      }
    }
  }
}
